
Microsoft Visual Studio Solution File, Format Version 12.00
# Visual Studio 15
VisualStudioVersion = 15.0.26730.10
MinimumVisualStudioVersion = 10.0.40219.1
Project("{FAE04EC0-301F-11D3-BF4B-00C04F79EFBC}") = "SitemapValidator", "SitemapValidator\SitemapValidator.csproj", "{57C5EED0-D804-4057-8E07-20CDEDA048B6}"
EndProject
Project("{FAE04EC0-301F-11D3-BF4B-00C04F79EFBC}") = "SitemapValidator.Tests", "SitemapValidator.Tests\SitemapValidator.Tests.csproj", "{E07C0090-B83A-4F55-84E5-1D9B4652CEC1}"
EndProject
Project("{FAE04EC0-301F-11D3-BF4B-00C04F79EFBC}") = "SitemapValidator.Core", "SitemapValidator.Core\SitemapValidator.Core.csproj", "{20379EE2-7B22-4CC8-B829-6F4AE8321CC8}"
EndProject
Project("{FAE04EC0-301F-11D3-BF4B-00C04F79EFBC}") = "SitemapValidator.Core.Tests", "SitemapValidator.Core.Tests\SitemapValidator.Core.Tests.csproj", "{41887737-32F5-4C27-83DF-6EDA967969DD}"
EndProject
Global
	GlobalSection(SolutionConfigurationPlatforms) = preSolution
		Debug|Any CPU = Debug|Any CPU
		Release|Any CPU = Release|Any CPU
	EndGlobalSection
	GlobalSection(ProjectConfigurationPlatforms) = postSolution
		{57C5EED0-D804-4057-8E07-20CDEDA048B6}.Debug|Any CPU.ActiveCfg = Debug|Any CPU
		{57C5EED0-D804-4057-8E07-20CDEDA048B6}.Debug|Any CPU.Build.0 = Debug|Any CPU
		{57C5EED0-D804-4057-8E07-20CDEDA048B6}.Release|Any CPU.ActiveCfg = Release|Any CPU
		{57C5EED0-D804-4057-8E07-20CDEDA048B6}.Release|Any CPU.Build.0 = Release|Any CPU
		{E07C0090-B83A-4F55-84E5-1D9B4652CEC1}.Debug|Any CPU.ActiveCfg = Debug|Any CPU
		{E07C0090-B83A-4F55-84E5-1D9B4652CEC1}.Debug|Any CPU.Build.0 = Debug|Any CPU
		{E07C0090-B83A-4F55-84E5-1D9B4652CEC1}.Release|Any CPU.ActiveCfg = Release|Any CPU
		{E07C0090-B83A-4F55-84E5-1D9B4652CEC1}.Release|Any CPU.Build.0 = Release|Any CPU
		{20379EE2-7B22-4CC8-B829-6F4AE8321CC8}.Debug|Any CPU.ActiveCfg = Debug|Any CPU
		{20379EE2-7B22-4CC8-B829-6F4AE8321CC8}.Debug|Any CPU.Build.0 = Debug|Any CPU
		{20379EE2-7B22-4CC8-B829-6F4AE8321CC8}.Release|Any CPU.ActiveCfg = Release|Any CPU
		{20379EE2-7B22-4CC8-B829-6F4AE8321CC8}.Release|Any CPU.Build.0 = Release|Any CPU
		{41887737-32F5-4C27-83DF-6EDA967969DD}.Debug|Any CPU.ActiveCfg = Debug|Any CPU
		{41887737-32F5-4C27-83DF-6EDA967969DD}.Debug|Any CPU.Build.0 = Debug|Any CPU
		{41887737-32F5-4C27-83DF-6EDA967969DD}.Release|Any CPU.ActiveCfg = Release|Any CPU
		{41887737-32F5-4C27-83DF-6EDA967969DD}.Release|Any CPU.Build.0 = Release|Any CPU
	EndGlobalSection
	GlobalSection(SolutionProperties) = preSolution
		HideSolutionNode = FALSE
	EndGlobalSection
	GlobalSection(ExtensibilityGlobals) = postSolution
		SolutionGuid = {FD73A509-08FB-449C-A350-A5BB11E23E2C}
	EndGlobalSection
EndGlobal
